
Microsoft Visual Studio Solution File, Format Version 12.00
# Visual Studio Version 16
VisualStudioVersion = 16.0.30717.126
MinimumVisualStudioVersion = 10.0.40219.1
Project("{9A19103F-16F7-4668-BE54-9A1E7A4F7556}") = "SingletonPattern", "SingletonPattern\SingletonPattern.csproj", "{C099B35E-CC3D-4DCA-813D-90D4B70C158C}"
EndProject
Project("{2150E333-8FDC-42A3-9474-1A3956D46DE8}") = "FactoryPattern", "FactoryPattern", "{DA780B7F-1D2C-4EE2-AA33-F6BB177C3814}"
EndProject
Project("{9A19103F-16F7-4668-BE54-9A1E7A4F7556}") = "FactoryPattern.War3.Interface", "FactoryPattern.War3.Interface\FactoryPattern.War3.Interface.csproj", "{5D6C78B0-FD31-4C77-A7E0-66DF4A15D04A}"
EndProject
Project("{9A19103F-16F7-4668-BE54-9A1E7A4F7556}") = "FactoryPattern.War3.Service", "FactoryPattern.War3.Service\FactoryPattern.War3.Service.csproj", "{949B2E70-3ACE-4766-B91A-9D8D3D189302}"
EndProject
Project("{9A19103F-16F7-4668-BE54-9A1E7A4F7556}") = "FactoryPattern_Demo", "FactoryPattern_Demo\FactoryPattern_Demo.csproj", "{7CA7AFCF-70C4-48CC-9CF6-22364E5D6295}"
EndProject
Project("{9A19103F-16F7-4668-BE54-9A1E7A4F7556}") = "FactoryPattern.War3.ServiceExtend", "FactoryPattern.War3.ServiceExtend\FactoryPattern.War3.ServiceExtend.csproj", "{917038F3-5EEC-41B3-9ADE-64EB2E0499B3}"
EndProject
Project("{9A19103F-16F7-4668-BE54-9A1E7A4F7556}") = "FactoryPattern.FactoryMethod", "FactoryPattern.FactoryMethod\FactoryPattern.FactoryMethod.csproj", "{452E406E-EA7E-481A-98C0-9D76A0B8FD28}"
EndProject
Project("{9A19103F-16F7-4668-BE54-9A1E7A4F7556}") = "FactoryPattern.IFactoryMethod", "FactoryPattern.IFactoryMethod\FactoryPattern.IFactoryMethod.csproj", "{D1E42C7F-4D7D-4E6D-B0E0-35B71FF70287}"
EndProject
Project("{2150E333-8FDC-42A3-9474-1A3956D46DE8}") = "AbstractFactoryPattern", "AbstractFactoryPattern", "{CD1AEDA3-8BF0-42DA-9127-F345E92C9A2D}"
EndProject
Project("{9A19103F-16F7-4668-BE54-9A1E7A4F7556}") = "AbstractFactoryPattern.Interface", "AbstractFactoryPattern.Interface\AbstractFactoryPattern.Interface.csproj", "{FAB8C6CF-0691-48B5-A6EA-DB731DADA836}"
EndProject
Project("{9A19103F-16F7-4668-BE54-9A1E7A4F7556}") = "AbstractFactoryPattern.Service", "AbstractFactoryPattern.Service\AbstractFactoryPattern.Service.csproj", "{BEBDC5EA-2317-48DF-82D1-63AE47902ABC}"
EndProject
Project("{9A19103F-16F7-4668-BE54-9A1E7A4F7556}") = "AbstractFactoryPattern.AbstractFactory", "AbstractFactoryPattern.AbstractFactory\AbstractFactoryPattern.AbstractFactory.csproj", "{E8FC1068-5D04-493A-A603-D870E67782D3}"
EndProject
Project("{9A19103F-16F7-4668-BE54-9A1E7A4F7556}") = "AbstractFactoryPattern_Demo", "AbstractFactoryPattern_Demo\AbstractFactoryPattern_Demo.csproj", "{8BC557D5-0DA2-406D-BC7F-F4FFD4D4C62D}"
EndProject
Project("{9A19103F-16F7-4668-BE54-9A1E7A4F7556}") = "BuilderPattern_Demo", "BuilderPattern_Demo\BuilderPattern_Demo.csproj", "{50E13F55-687E-4D88-868B-F2B3A49736D9}"
EndProject
Project("{9A19103F-16F7-4668-BE54-9A1E7A4F7556}") = "PrototypePattern_Demo", "PrototypePattern_Demo\PrototypePattern_Demo.csproj", "{E2513E93-EE5F-44B7-AC46-739E6BB55F2B}"
EndProject
Project("{9A19103F-16F7-4668-BE54-9A1E7A4F7556}") = "AdapterPattern_Demo", "AdapterPattern_Demo\AdapterPattern_Demo.csproj", "{2CD7949A-4892-414D-A1FC-30B1147248E5}"
EndProject
Project("{9A19103F-16F7-4668-BE54-9A1E7A4F7556}") = "BridgePattern_Demo", "BridgePattern_Demo\BridgePattern_Demo.csproj", "{73601764-27B3-477F-945D-4A119F388355}"
EndProject
Project("{9A19103F-16F7-4668-BE54-9A1E7A4F7556}") = "CompositePattern_Demo", "CompositePattern_Demo\CompositePattern_Demo.csproj", "{8946C8EF-7BC7-4AC3-9EAD-F2322782326C}"
EndProject
Project("{9A19103F-16F7-4668-BE54-9A1E7A4F7556}") = "DecoratorPattern_Demo", "DecoratorPattern_Demo\DecoratorPattern_Demo.csproj", "{98175E46-ACCE-4940-AD9D-6EA1FB8DFFD2}"
EndProject
Project("{9A19103F-16F7-4668-BE54-9A1E7A4F7556}") = "FacadePattern_Demo", "FacadePattern_Demo\FacadePattern_Demo.csproj", "{F5D56870-C932-4918-A84E-887C3B6D80E2}"
EndProject
Project("{9A19103F-16F7-4668-BE54-9A1E7A4F7556}") = "FlyWeightPattern_Demo", "FlyWeightPattern_Demo\FlyWeightPattern_Demo.csproj", "{7942D6C3-177A-4B3A-8430-E11426D0B164}"
EndProject
Project("{9A19103F-16F7-4668-BE54-9A1E7A4F7556}") = "ProxyParrent_Demo", "ProxyParrent_Demo\ProxyParrent_Demo.csproj", "{3268CA12-CE8B-4C3F-AE85-00235C559FA0}"
EndProject
Project("{9A19103F-16F7-4668-BE54-9A1E7A4F7556}") = "InterpretPattern_Demo", "InterpretPattern_Demo\InterpretPattern_Demo.csproj", "{A92A4569-9BC6-42EC-9DAD-53D1D18575D6}"
EndProject
Project("{FAE04EC0-301F-11D3-BF4B-00C04F79EFBC}") = "TemplateMethodPattern_Demo", "TemplateMethodPattern_Demo\TemplateMethodPattern_Demo.csproj", "{43AEE2D2-9E4B-491F-9593-B9E7DD8ACBA6}"
EndProject
Project("{FAE04EC0-301F-11D3-BF4B-00C04F79EFBC}") = "ResponsibilityChainPattern_Demo", "ResponsibilityChainPattern_Demo\ResponsibilityChainPattern_Demo.csproj", "{1CACD4D0-808C-4D21-ABBE-A7959359DB9F}"
EndProject
Project("{FAE04EC0-301F-11D3-BF4B-00C04F79EFBC}") = "CommandPattern_Demo", "CommandPattern_Demo\CommandPattern_Demo.csproj", "{34E73315-C8EC-4174-917D-A2E58B15CDFC}"
EndProject
Project("{FAE04EC0-301F-11D3-BF4B-00C04F79EFBC}") = "IteratorPattern", "IteratorPattern\IteratorPattern.csproj", "{626F3993-8276-4D66-9581-D95ADAE7D4C5}"
EndProject
Project("{FAE04EC0-301F-11D3-BF4B-00C04F79EFBC}") = "MediatorPattern_Demo", "MediatorPattern_Demo\MediatorPattern_Demo.csproj", "{A875D3AD-7BDC-4699-B6C1-293FE7DC7C6D}"
EndProject
Project("{FAE04EC0-301F-11D3-BF4B-00C04F79EFBC}") = "MementoPattern_Demo", "MementoPattern_Demo\MementoPattern_Demo.csproj", "{2189FBE5-8FEB-4DEC-9978-D3F5CCEB8EE3}"
EndProject
Project("{FAE04EC0-301F-11D3-BF4B-00C04F79EFBC}") = "ObserverPattern", "ObserverPattern\ObserverPattern.csproj", "{F78F7192-3EB6-48A4-A815-01244376B032}"
EndProject
Project("{FAE04EC0-301F-11D3-BF4B-00C04F79EFBC}") = "StatePattern_Demo", "StatePattern_Demo\StatePattern_Demo.csproj", "{B40A2EF2-7FC3-4553-89E7-401508D44BA7}"
EndProject
Global
	GlobalSection(SolutionConfigurationPlatforms) = preSolution
		Debug|Any CPU = Debug|Any CPU
		Release|Any CPU = Release|Any CPU
	EndGlobalSection
	GlobalSection(ProjectConfigurationPlatforms) = postSolution
		{C099B35E-CC3D-4DCA-813D-90D4B70C158C}.Debug|Any CPU.ActiveCfg = Debug|Any CPU
		{C099B35E-CC3D-4DCA-813D-90D4B70C158C}.Debug|Any CPU.Build.0 = Debug|Any CPU
		{C099B35E-CC3D-4DCA-813D-90D4B70C158C}.Release|Any CPU.ActiveCfg = Release|Any CPU
		{C099B35E-CC3D-4DCA-813D-90D4B70C158C}.Release|Any CPU.Build.0 = Release|Any CPU
		{5D6C78B0-FD31-4C77-A7E0-66DF4A15D04A}.Debug|Any CPU.ActiveCfg = Debug|Any CPU
		{5D6C78B0-FD31-4C77-A7E0-66DF4A15D04A}.Debug|Any CPU.Build.0 = Debug|Any CPU
		{5D6C78B0-FD31-4C77-A7E0-66DF4A15D04A}.Release|Any CPU.ActiveCfg = Release|Any CPU
		{5D6C78B0-FD31-4C77-A7E0-66DF4A15D04A}.Release|Any CPU.Build.0 = Release|Any CPU
		{949B2E70-3ACE-4766-B91A-9D8D3D189302}.Debug|Any CPU.ActiveCfg = Debug|Any CPU
		{949B2E70-3ACE-4766-B91A-9D8D3D189302}.Debug|Any CPU.Build.0 = Debug|Any CPU
		{949B2E70-3ACE-4766-B91A-9D8D3D189302}.Release|Any CPU.ActiveCfg = Release|Any CPU
		{949B2E70-3ACE-4766-B91A-9D8D3D189302}.Release|Any CPU.Build.0 = Release|Any CPU
		{7CA7AFCF-70C4-48CC-9CF6-22364E5D6295}.Debug|Any CPU.ActiveCfg = Debug|Any CPU
		{7CA7AFCF-70C4-48CC-9CF6-22364E5D6295}.Debug|Any CPU.Build.0 = Debug|Any CPU
		{7CA7AFCF-70C4-48CC-9CF6-22364E5D6295}.Release|Any CPU.ActiveCfg = Release|Any CPU
		{7CA7AFCF-70C4-48CC-9CF6-22364E5D6295}.Release|Any CPU.Build.0 = Release|Any CPU
		{917038F3-5EEC-41B3-9ADE-64EB2E0499B3}.Debug|Any CPU.ActiveCfg = Debug|Any CPU
		{917038F3-5EEC-41B3-9ADE-64EB2E0499B3}.Debug|Any CPU.Build.0 = Debug|Any CPU
		{917038F3-5EEC-41B3-9ADE-64EB2E0499B3}.Release|Any CPU.ActiveCfg = Release|Any CPU
		{917038F3-5EEC-41B3-9ADE-64EB2E0499B3}.Release|Any CPU.Build.0 = Release|Any CPU
		{452E406E-EA7E-481A-98C0-9D76A0B8FD28}.Debug|Any CPU.ActiveCfg = Debug|Any CPU
		{452E406E-EA7E-481A-98C0-9D76A0B8FD28}.Debug|Any CPU.Build.0 = Debug|Any CPU
		{452E406E-EA7E-481A-98C0-9D76A0B8FD28}.Release|Any CPU.ActiveCfg = Release|Any CPU
		{452E406E-EA7E-481A-98C0-9D76A0B8FD28}.Release|Any CPU.Build.0 = Release|Any CPU
		{D1E42C7F-4D7D-4E6D-B0E0-35B71FF70287}.Debug|Any CPU.ActiveCfg = Debug|Any CPU
		{D1E42C7F-4D7D-4E6D-B0E0-35B71FF70287}.Debug|Any CPU.Build.0 = Debug|Any CPU
		{D1E42C7F-4D7D-4E6D-B0E0-35B71FF70287}.Release|Any CPU.ActiveCfg = Release|Any CPU
		{D1E42C7F-4D7D-4E6D-B0E0-35B71FF70287}.Release|Any CPU.Build.0 = Release|Any CPU
		{FAB8C6CF-0691-48B5-A6EA-DB731DADA836}.Debug|Any CPU.ActiveCfg = Debug|Any CPU
		{FAB8C6CF-0691-48B5-A6EA-DB731DADA836}.Debug|Any CPU.Build.0 = Debug|Any CPU
		{FAB8C6CF-0691-48B5-A6EA-DB731DADA836}.Release|Any CPU.ActiveCfg = Release|Any CPU
		{FAB8C6CF-0691-48B5-A6EA-DB731DADA836}.Release|Any CPU.Build.0 = Release|Any CPU
		{BEBDC5EA-2317-48DF-82D1-63AE47902ABC}.Debug|Any CPU.ActiveCfg = Debug|Any CPU
		{BEBDC5EA-2317-48DF-82D1-63AE47902ABC}.Debug|Any CPU.Build.0 = Debug|Any CPU
		{BEBDC5EA-2317-48DF-82D1-63AE47902ABC}.Release|Any CPU.ActiveCfg = Release|Any CPU
		{BEBDC5EA-2317-48DF-82D1-63AE47902ABC}.Release|Any CPU.Build.0 = Release|Any CPU
		{E8FC1068-5D04-493A-A603-D870E67782D3}.Debug|Any CPU.ActiveCfg = Debug|Any CPU
		{E8FC1068-5D04-493A-A603-D870E67782D3}.Debug|Any CPU.Build.0 = Debug|Any CPU
		{E8FC1068-5D04-493A-A603-D870E67782D3}.Release|Any CPU.ActiveCfg = Release|Any CPU
		{E8FC1068-5D04-493A-A603-D870E67782D3}.Release|Any CPU.Build.0 = Release|Any CPU
		{8BC557D5-0DA2-406D-BC7F-F4FFD4D4C62D}.Debug|Any CPU.ActiveCfg = Debug|Any CPU
		{8BC557D5-0DA2-406D-BC7F-F4FFD4D4C62D}.Debug|Any CPU.Build.0 = Debug|Any CPU
		{8BC557D5-0DA2-406D-BC7F-F4FFD4D4C62D}.Release|Any CPU.ActiveCfg = Release|Any CPU
		{8BC557D5-0DA2-406D-BC7F-F4FFD4D4C62D}.Release|Any CPU.Build.0 = Release|Any CPU
		{50E13F55-687E-4D88-868B-F2B3A49736D9}.Debug|Any CPU.ActiveCfg = Debug|Any CPU
		{50E13F55-687E-4D88-868B-F2B3A49736D9}.Debug|Any CPU.Build.0 = Debug|Any CPU
		{50E13F55-687E-4D88-868B-F2B3A49736D9}.Release|Any CPU.ActiveCfg = Release|Any CPU
		{50E13F55-687E-4D88-868B-F2B3A49736D9}.Release|Any CPU.Build.0 = Release|Any CPU
		{E2513E93-EE5F-44B7-AC46-739E6BB55F2B}.Debug|Any CPU.ActiveCfg = Debug|Any CPU
		{E2513E93-EE5F-44B7-AC46-739E6BB55F2B}.Debug|Any CPU.Build.0 = Debug|Any CPU
		{E2513E93-EE5F-44B7-AC46-739E6BB55F2B}.Release|Any CPU.ActiveCfg = Release|Any CPU
		{E2513E93-EE5F-44B7-AC46-739E6BB55F2B}.Release|Any CPU.Build.0 = Release|Any CPU
		{2CD7949A-4892-414D-A1FC-30B1147248E5}.Debug|Any CPU.ActiveCfg = Debug|Any CPU
		{2CD7949A-4892-414D-A1FC-30B1147248E5}.Debug|Any CPU.Build.0 = Debug|Any CPU
		{2CD7949A-4892-414D-A1FC-30B1147248E5}.Release|Any CPU.ActiveCfg = Release|Any CPU
		{2CD7949A-4892-414D-A1FC-30B1147248E5}.Release|Any CPU.Build.0 = Release|Any CPU
		{73601764-27B3-477F-945D-4A119F388355}.Debug|Any CPU.ActiveCfg = Debug|Any CPU
		{73601764-27B3-477F-945D-4A119F388355}.Debug|Any CPU.Build.0 = Debug|Any CPU
		{73601764-27B3-477F-945D-4A119F388355}.Release|Any CPU.ActiveCfg = Release|Any CPU
		{73601764-27B3-477F-945D-4A119F388355}.Release|Any CPU.Build.0 = Release|Any CPU
		{8946C8EF-7BC7-4AC3-9EAD-F2322782326C}.Debug|Any CPU.ActiveCfg = Debug|Any CPU
		{8946C8EF-7BC7-4AC3-9EAD-F2322782326C}.Debug|Any CPU.Build.0 = Debug|Any CPU
		{8946C8EF-7BC7-4AC3-9EAD-F2322782326C}.Release|Any CPU.ActiveCfg = Release|Any CPU
		{8946C8EF-7BC7-4AC3-9EAD-F2322782326C}.Release|Any CPU.Build.0 = Release|Any CPU
		{98175E46-ACCE-4940-AD9D-6EA1FB8DFFD2}.Debug|Any CPU.ActiveCfg = Debug|Any CPU
		{98175E46-ACCE-4940-AD9D-6EA1FB8DFFD2}.Debug|Any CPU.Build.0 = Debug|Any CPU
		{98175E46-ACCE-4940-AD9D-6EA1FB8DFFD2}.Release|Any CPU.ActiveCfg = Release|Any CPU
		{98175E46-ACCE-4940-AD9D-6EA1FB8DFFD2}.Release|Any CPU.Build.0 = Release|Any CPU
		{F5D56870-C932-4918-A84E-887C3B6D80E2}.Debug|Any CPU.ActiveCfg = Debug|Any CPU
		{F5D56870-C932-4918-A84E-887C3B6D80E2}.Debug|Any CPU.Build.0 = Debug|Any CPU
		{F5D56870-C932-4918-A84E-887C3B6D80E2}.Release|Any CPU.ActiveCfg = Release|Any CPU
		{F5D56870-C932-4918-A84E-887C3B6D80E2}.Release|Any CPU.Build.0 = Release|Any CPU
		{7942D6C3-177A-4B3A-8430-E11426D0B164}.Debug|Any CPU.ActiveCfg = Debug|Any CPU
		{7942D6C3-177A-4B3A-8430-E11426D0B164}.Debug|Any CPU.Build.0 = Debug|Any CPU
		{7942D6C3-177A-4B3A-8430-E11426D0B164}.Release|Any CPU.ActiveCfg = Release|Any CPU
		{7942D6C3-177A-4B3A-8430-E11426D0B164}.Release|Any CPU.Build.0 = Release|Any CPU
		{3268CA12-CE8B-4C3F-AE85-00235C559FA0}.Debug|Any CPU.ActiveCfg = Debug|Any CPU
		{3268CA12-CE8B-4C3F-AE85-00235C559FA0}.Debug|Any CPU.Build.0 = Debug|Any CPU
		{3268CA12-CE8B-4C3F-AE85-00235C559FA0}.Release|Any CPU.ActiveCfg = Release|Any CPU
		{3268CA12-CE8B-4C3F-AE85-00235C559FA0}.Release|Any CPU.Build.0 = Release|Any CPU
		{A92A4569-9BC6-42EC-9DAD-53D1D18575D6}.Debug|Any CPU.ActiveCfg = Debug|Any CPU
		{A92A4569-9BC6-42EC-9DAD-53D1D18575D6}.Debug|Any CPU.Build.0 = Debug|Any CPU
		{A92A4569-9BC6-42EC-9DAD-53D1D18575D6}.Release|Any CPU.ActiveCfg = Release|Any CPU
		{A92A4569-9BC6-42EC-9DAD-53D1D18575D6}.Release|Any CPU.Build.0 = Release|Any CPU
		{43AEE2D2-9E4B-491F-9593-B9E7DD8ACBA6}.Debug|Any CPU.ActiveCfg = Debug|Any CPU
		{43AEE2D2-9E4B-491F-9593-B9E7DD8ACBA6}.Debug|Any CPU.Build.0 = Debug|Any CPU
		{43AEE2D2-9E4B-491F-9593-B9E7DD8ACBA6}.Release|Any CPU.ActiveCfg = Release|Any CPU
		{43AEE2D2-9E4B-491F-9593-B9E7DD8ACBA6}.Release|Any CPU.Build.0 = Release|Any CPU
		{1CACD4D0-808C-4D21-ABBE-A7959359DB9F}.Debug|Any CPU.ActiveCfg = Debug|Any CPU
		{1CACD4D0-808C-4D21-ABBE-A7959359DB9F}.Debug|Any CPU.Build.0 = Debug|Any CPU
		{1CACD4D0-808C-4D21-ABBE-A7959359DB9F}.Release|Any CPU.ActiveCfg = Release|Any CPU
		{1CACD4D0-808C-4D21-ABBE-A7959359DB9F}.Release|Any CPU.Build.0 = Release|Any CPU
		{34E73315-C8EC-4174-917D-A2E58B15CDFC}.Debug|Any CPU.ActiveCfg = Debug|Any CPU
		{34E73315-C8EC-4174-917D-A2E58B15CDFC}.Debug|Any CPU.Build.0 = Debug|Any CPU
		{34E73315-C8EC-4174-917D-A2E58B15CDFC}.Release|Any CPU.ActiveCfg = Release|Any CPU
		{34E73315-C8EC-4174-917D-A2E58B15CDFC}.Release|Any CPU.Build.0 = Release|Any CPU
		{626F3993-8276-4D66-9581-D95ADAE7D4C5}.Debug|Any CPU.ActiveCfg = Debug|Any CPU
		{626F3993-8276-4D66-9581-D95ADAE7D4C5}.Debug|Any CPU.Build.0 = Debug|Any CPU
		{626F3993-8276-4D66-9581-D95ADAE7D4C5}.Release|Any CPU.ActiveCfg = Release|Any CPU
		{626F3993-8276-4D66-9581-D95ADAE7D4C5}.Release|Any CPU.Build.0 = Release|Any CPU
		{A875D3AD-7BDC-4699-B6C1-293FE7DC7C6D}.Debug|Any CPU.ActiveCfg = Debug|Any CPU
		{A875D3AD-7BDC-4699-B6C1-293FE7DC7C6D}.Debug|Any CPU.Build.0 = Debug|Any CPU
		{A875D3AD-7BDC-4699-B6C1-293FE7DC7C6D}.Release|Any CPU.ActiveCfg = Release|Any CPU
		{A875D3AD-7BDC-4699-B6C1-293FE7DC7C6D}.Release|Any CPU.Build.0 = Release|Any CPU
		{2189FBE5-8FEB-4DEC-9978-D3F5CCEB8EE3}.Debug|Any CPU.ActiveCfg = Debug|Any CPU
		{2189FBE5-8FEB-4DEC-9978-D3F5CCEB8EE3}.Debug|Any CPU.Build.0 = Debug|Any CPU
		{2189FBE5-8FEB-4DEC-9978-D3F5CCEB8EE3}.Release|Any CPU.ActiveCfg = Release|Any CPU
		{2189FBE5-8FEB-4DEC-9978-D3F5CCEB8EE3}.Release|Any CPU.Build.0 = Release|Any CPU
		{F78F7192-3EB6-48A4-A815-01244376B032}.Debug|Any CPU.ActiveCfg = Debug|Any CPU
		{F78F7192-3EB6-48A4-A815-01244376B032}.Debug|Any CPU.Build.0 = Debug|Any CPU
		{F78F7192-3EB6-48A4-A815-01244376B032}.Release|Any CPU.ActiveCfg = Release|Any CPU
		{F78F7192-3EB6-48A4-A815-01244376B032}.Release|Any CPU.Build.0 = Release|Any CPU
		{B40A2EF2-7FC3-4553-89E7-401508D44BA7}.Debug|Any CPU.ActiveCfg = Debug|Any CPU
		{B40A2EF2-7FC3-4553-89E7-401508D44BA7}.Debug|Any CPU.Build.0 = Debug|Any CPU
		{B40A2EF2-7FC3-4553-89E7-401508D44BA7}.Release|Any CPU.ActiveCfg = Release|Any CPU
		{B40A2EF2-7FC3-4553-89E7-401508D44BA7}.Release|Any CPU.Build.0 = Release|Any CPU
	EndGlobalSection
	GlobalSection(SolutionProperties) = preSolution
		HideSolutionNode = FALSE
	EndGlobalSection
	GlobalSection(NestedProjects) = preSolution
		{5D6C78B0-FD31-4C77-A7E0-66DF4A15D04A} = {DA780B7F-1D2C-4EE2-AA33-F6BB177C3814}
		{949B2E70-3ACE-4766-B91A-9D8D3D189302} = {DA780B7F-1D2C-4EE2-AA33-F6BB177C3814}
		{7CA7AFCF-70C4-48CC-9CF6-22364E5D6295} = {DA780B7F-1D2C-4EE2-AA33-F6BB177C3814}
		{917038F3-5EEC-41B3-9ADE-64EB2E0499B3} = {DA780B7F-1D2C-4EE2-AA33-F6BB177C3814}
		{452E406E-EA7E-481A-98C0-9D76A0B8FD28} = {DA780B7F-1D2C-4EE2-AA33-F6BB177C3814}
		{D1E42C7F-4D7D-4E6D-B0E0-35B71FF70287} = {DA780B7F-1D2C-4EE2-AA33-F6BB177C3814}
		{FAB8C6CF-0691-48B5-A6EA-DB731DADA836} = {CD1AEDA3-8BF0-42DA-9127-F345E92C9A2D}
		{BEBDC5EA-2317-48DF-82D1-63AE47902ABC} = {CD1AEDA3-8BF0-42DA-9127-F345E92C9A2D}
		{E8FC1068-5D04-493A-A603-D870E67782D3} = {CD1AEDA3-8BF0-42DA-9127-F345E92C9A2D}
		{8BC557D5-0DA2-406D-BC7F-F4FFD4D4C62D} = {CD1AEDA3-8BF0-42DA-9127-F345E92C9A2D}
	EndGlobalSection
	GlobalSection(ExtensibilityGlobals) = postSolution
		SolutionGuid = {4734FC9C-EF08-4E70-B669-6ED4C8B7B7C7}
	EndGlobalSection
EndGlobal
