
Microsoft Visual Studio Solution File, Format Version 12.00
# Visual Studio Version 16
VisualStudioVersion = 16.0.30717.126
MinimumVisualStudioVersion = 10.0.40219.1
Project("{FAE04EC0-301F-11D3-BF4B-00C04F79EFBC}") = "SingletonPattern", "SingletonPattern\SingletonPattern.csproj", "{C099B35E-CC3D-4DCA-813D-90D4B70C158C}"
EndProject
Global
	GlobalSection(SolutionConfigurationPlatforms) = preSolution
		Debug|Any CPU = Debug|Any CPU
		Release|Any CPU = Release|Any CPU
	EndGlobalSection
	GlobalSection(ProjectConfigurationPlatforms) = postSolution
		{C099B35E-CC3D-4DCA-813D-90D4B70C158C}.Debug|Any CPU.ActiveCfg = Debug|Any CPU
		{C099B35E-CC3D-4DCA-813D-90D4B70C158C}.Debug|Any CPU.Build.0 = Debug|Any CPU
		{C099B35E-CC3D-4DCA-813D-90D4B70C158C}.Release|Any CPU.ActiveCfg = Release|Any CPU
		{C099B35E-CC3D-4DCA-813D-90D4B70C158C}.Release|Any CPU.Build.0 = Release|Any CPU
	EndGlobalSection
	GlobalSection(SolutionProperties) = preSolution
		HideSolutionNode = FALSE
	EndGlobalSection
	GlobalSection(ExtensibilityGlobals) = postSolution
		SolutionGuid = {4734FC9C-EF08-4E70-B669-6ED4C8B7B7C7}
	EndGlobalSection
EndGlobal
